
Microsoft Visual Studio Solution File, Format Version 12.00
# Visual Studio Version 17
VisualStudioVersion = 17.8.34408.163
MinimumVisualStudioVersion = 10.0.40219.1
Project("{FAE04EC0-301F-11D3-BF4B-00C04F79EFBC}") = "Lab2_Home", "Lab2_Home.csproj", "{B44A9174-00F2-413F-A002-4B332B2FBB84}"
EndProject
Global
	GlobalSection(SolutionConfigurationPlatforms) = preSolution
		Debug|Any CPU = Debug|Any CPU
		Release|Any CPU = Release|Any CPU
	EndGlobalSection
	GlobalSection(ProjectConfigurationPlatforms) = postSolution
		{B44A9174-00F2-413F-A002-4B332B2FBB84}.Debug|Any CPU.ActiveCfg = Debug|Any CPU
		{B44A9174-00F2-413F-A002-4B332B2FBB84}.Debug|Any CPU.Build.0 = Debug|Any CPU
		{B44A9174-00F2-413F-A002-4B332B2FBB84}.Release|Any CPU.ActiveCfg = Release|Any CPU
		{B44A9174-00F2-413F-A002-4B332B2FBB84}.Release|Any CPU.Build.0 = Release|Any CPU
	EndGlobalSection
	GlobalSection(SolutionProperties) = preSolution
		HideSolutionNode = FALSE
	EndGlobalSection
	GlobalSection(ExtensibilityGlobals) = postSolution
		SolutionGuid = {E5A32D88-89BD-4108-9835-54B5D46886A9}
	EndGlobalSection
EndGlobal
